
Microsoft Visual Studio Solution File, Format Version 12.00
# Visual Studio Version 17
VisualStudioVersion = 17.11.35431.28
MinimumVisualStudioVersion = 10.0.40219.1
Project("{9A19103F-16F7-4668-BE54-9A1E7A4F7556}") = "OnvifLib", "OnvifLib.csproj", "{FE33FB4B-B2CB-4B07-859F-F43FDC9DFB4C}"
EndProject
Global
	GlobalSection(SolutionConfigurationPlatforms) = preSolution
		Debug|Any CPU = Debug|Any CPU
		Release|Any CPU = Release|Any CPU
	EndGlobalSection
	GlobalSection(ProjectConfigurationPlatforms) = postSolution
		{FE33FB4B-B2CB-4B07-859F-F43FDC9DFB4C}.Debug|Any CPU.ActiveCfg = Debug|Any CPU
		{FE33FB4B-B2CB-4B07-859F-F43FDC9DFB4C}.Debug|Any CPU.Build.0 = Debug|Any CPU
		{FE33FB4B-B2CB-4B07-859F-F43FDC9DFB4C}.Release|Any CPU.ActiveCfg = Release|Any CPU
		{FE33FB4B-B2CB-4B07-859F-F43FDC9DFB4C}.Release|Any CPU.Build.0 = Release|Any CPU
	EndGlobalSection
	GlobalSection(SolutionProperties) = preSolution
		HideSolutionNode = FALSE
	EndGlobalSection
	GlobalSection(ExtensibilityGlobals) = postSolution
		SolutionGuid = {FA097B76-9D23-4810-A58C-7F61F4B3BBD7}
	EndGlobalSection
EndGlobal
